
Microsoft Visual Studio Solution File, Format Version 12.00
# Visual Studio Version 16
VisualStudioVersion = 16.0.31624.102
MinimumVisualStudioVersion = 10.0.40219.1
Project("{FAE04EC0-301F-11D3-BF4B-00C04F79EFBC}") = "mygame", "mygame\mygame.csproj", "{EAE54017-24F5-4F16-88B5-08436BF434EE}"
EndProject
Global
	GlobalSection(SolutionConfigurationPlatforms) = preSolution
		Debug|Any CPU = Debug|Any CPU
		Release|Any CPU = Release|Any CPU
	EndGlobalSection
	GlobalSection(ProjectConfigurationPlatforms) = postSolution
		{EAE54017-24F5-4F16-88B5-08436BF434EE}.Debug|Any CPU.ActiveCfg = Debug|Any CPU
		{EAE54017-24F5-4F16-88B5-08436BF434EE}.Debug|Any CPU.Build.0 = Debug|Any CPU
		{EAE54017-24F5-4F16-88B5-08436BF434EE}.Release|Any CPU.ActiveCfg = Release|Any CPU
		{EAE54017-24F5-4F16-88B5-08436BF434EE}.Release|Any CPU.Build.0 = Release|Any CPU
	EndGlobalSection
	GlobalSection(SolutionProperties) = preSolution
		HideSolutionNode = FALSE
	EndGlobalSection
	GlobalSection(ExtensibilityGlobals) = postSolution
		SolutionGuid = {4CCF8989-28F4-4ABF-9C80-ECBAF6DBAAB7}
	EndGlobalSection
EndGlobal
